version = 1
revision = 3
requires-python = "==3.14.7"

[options]
exclude-newer = "0001-01-01T00:00:00Z" # This has no effect and is included for backwards compatibility when using relative exclude-newer values.
exclude-newer-span = "P7D"

[[package]]
name = "prek"
version = "0.5.3"
source = { registry = "https://pypi.org/simple" }
sdist = { url = "https://files.pythonhosted.org/packages/54/93/d1e5afc996b9fde04d71c37fd28bdd404e54daf1da6c76b883c5cdbdb411/prek-0.5.3.tar.gz", hash = "sha256:06d88bed9a5b2886cd3796957e4cecf05fa9b06724b625df31dbf0a48ff2330c", size = 551929, upload-time = "2026-09-13T08:38:37.823Z" }
wheels = [
    { url = "https://files.pythonhosted.org/packages/db/5d/8731dc49cb5424d37424db3ea2f3ff6a0b20caa971db72796e822ce48b24/prek-0.5.3-py3-none-macosx_10_12_x86_64.whl", hash = "sha256:2d7240c5e6a996ef5bebe5d57d43049803e41c225b343681c020bf0c87dab2b2", size = 6003518, upload-time = "2026-09-13T08:38:20.584Z" },
    { url = "https://files.pythonhosted.org/packages/51/45/ca413aefb3ea2411bbf0adb6eebfac1e9bfc5ac7679dbe26336fc651c347/prek-0.5.3-py3-none-macosx_11_0_arm64.whl", hash = "sha256:1dd6df8235ca361dbbeec89c305ccb41a138088a2fc548484b4cb89f66a80d20", size = 5538754, upload-time = "2026-09-13T08:38:23.004Z" },
    { url = "https://files.pythonhosted.org/packages/dc/92/874d58ba40d2fe7cfec2789ae8bf415f3751666ad5c59928821fe53c3c01/prek-0.5.3-py3-none-manylinux_2_17_aarch64.manylinux2014_aarch64.musllinux_1_1_aarch64.whl", hash = "sha256:61ff791bb850ba52cc0d86576498df7e1bd1e9ed20df63dae113a4a6aa495e19", size = 5841568, upload-time = "2026-09-13T08:38:25.008Z" },
    { url = "https://files.pythonhosted.org/packages/8f/40/167037b8eef75f6f036c60ff7e93f42defebb7c3733677e2f30e5a479257/prek-0.5.3-py3-none-manylinux_2_17_x86_64.manylinux2014_x86_64.whl", hash = "sha256:a863379a2668c4ef079d820ffd5b14073145380dfbe0e70fef498dc73c568f86", size = 6226960, upload-time = "2026-09-13T08:38:26.788Z" },
    { url = "https://files.pythonhosted.org/packages/42/9a/bfcd3c1fe1fdefee8dc144a92c4b0b93b59f31c7df60ee1720c49223a90a/prek-0.5.3-py3-none-manylinux_2_28_aarch64.whl", hash = "sha256:086d1b77557f0a089568dc5b93c22ccd793351524f3eeb29d36781421a350e72", size = 5854832, upload-time = "2026-09-13T08:38:28.954Z" },
    { url = "https://files.pythonhosted.org/packages/15/41/1450b995b18bbf0d8ab65016860198052baad5c79c231151fa1dcca4a2de/prek-0.5.3-py3-none-musllinux_1_1_x86_64.whl", hash = "sha256:4f09b947255124e9591a7f7ef16eb5340a36ba94a275d788d7ea804fab35f0e2", size = 6343055, upload-time = "2026-09-13T08:38:30.96Z" },
    { url = "https://files.pythonhosted.org/packages/9c/e8/8f45950b8a8ddcf22efc7183e9d6b1d7e30373229ff7d9e56f918a55922c/prek-0.5.3-py3-none-win_amd64.whl", hash = "sha256:5b74a9742c3e8f8688d5dad1439688f112e2e1746fcb91016015dae38df3eb42", size = 5744293, upload-time = "2026-09-13T08:38:33.104Z" },
    { url = "https://files.pythonhosted.org/packages/24/cd/ce637f4b6cc6c583516dc16b539408dab593672f7c6fe7723a37caf378ff/prek-0.5.3-py3-none-win_arm64.whl", hash = "sha256:20d92aef53a5e237f4659ecc6669c0fbc98a1b83f0e2476530400a72d42ca390", size = 5512958, upload-time = "2026-09-13T08:38:36.123Z" },
]

[[package]]
name = "toolbox"
version = "0.0.0"
source = { virtual = "." }

[package.dev-dependencies]
dev = [
    { name = "prek" },
    { name = "typos" },
]

[package.metadata]

[package.metadata.requires-dev]
dev = [
    { name = "prek", specifier = "==0.5.3" },
    { name = "typos", specifier = "==1.50.1" },
]

[[package]]
name = "typos"
version = "1.50.1"
source = { registry = "https://pypi.org/simple" }
sdist = { url = "https://files.pythonhosted.org/packages/c5/80/ed255baa987afbbebf645dbd56a16a27accc97e90e42ab14cbc31f2469ad/typos-1.50.1.tar.gz", hash = "sha256:11f4d5c4189d0276b8a60072c6024b333bd8c9f8b10913d1b48f7d509af8f45f", size = 1855174, upload-time = "2026-09-01T16:56:14.858Z" }
wheels = [
    { url = "https://files.pythonhosted.org/packages/7a/8a/a8bea2a8fd90d63801166977c40fa3dc97826e8d6449223f53a1af2936d1/typos-1.50.1-py3-none-macosx_10_12_x86_64.whl", hash = "sha256:da53a001876d1637bf81d758345e2866f841d0b702c0c398d07b5772120de4d7", size = 3442831, upload-time = "2026-09-01T16:56:02.091Z" },
    { url = "https://files.pythonhosted.org/packages/9c/83/16ae148b4ee7ae32d436ec03b2d7a4f01e30e8071e5de022a28b996087f5/typos-1.50.1-py3-none-macosx_11_0_arm64.whl", hash = "sha256:0ce27472b141938de974da50af1b6c83f6183618115bd1bdf5fec3cf15a967bf", size = 3350467, upload-time = "2026-09-01T16:56:04.317Z" },
    { url = "https://files.pythonhosted.org/packages/0b/e0/c9634bcada8a0d2bdae73723b763ea982cdf1c49957056d9a794303ea450/typos-1.50.1-py3-none-manylinux_2_17_aarch64.manylinux2014_aarch64.whl", hash = "sha256:36ef4154a9e9ace5b5b3a047397fb154050336ae79f5cd262724783dad25808a", size = 8302681, upload-time = "2026-09-01T16:56:05.84Z" },
    { url = "https://files.pythonhosted.org/packages/da/ce/b509cc7d402dffa45bcb97a0724662542d3bcd3f7ff80ff1b194fd0f6bd9/typos-1.50.1-py3-none-manylinux_2_17_i686.manylinux2014_i686.whl", hash = "sha256:0378604635b1f360aadda97d78133b00a376bf19dd4fa5301ade31fd2f19889e", size = 7370701, upload-time = "2026-09-01T16:56:07.472Z" },
    { url = "https://files.pythonhosted.org/packages/79/c4/0345172e274c2808e30925f7aa9e24aab76a068a82e5c459e93c9f547148/typos-1.50.1-py3-none-manylinux_2_17_x86_64.manylinux2014_x86_64.whl", hash = "sha256:89fa87f22c7c716e45bb1cd066043e7130189f9359caceec8edffe0713e6509c", size = 7816240, upload-time = "2026-09-01T16:56:09.04Z" },
    { url = "https://files.pythonhosted.org/packages/b1/23/e1b5945f1410f732cfe67fe0a70fba7db558e7ca5f90b4e544e5a6a1eb3f/typos-1.50.1-py3-none-musllinux_1_2_x86_64.whl", hash = "sha256:ae4f63bfe8aeabb01e7946427ce60bf425e1ec3c1e13c7759d79fa7ce7d6a1b9", size = 8205008, upload-time = "2026-09-01T16:56:10.669Z" },
    { url = "https://files.pythonhosted.org/packages/89/e4/da0009161b2ff710a8282aa24305f7dc069c06aee8d9859dab2731adb29b/typos-1.50.1-py3-none-win32.whl", hash = "sha256:ef346b7354c7866c534862bd677253afa86558d430b4d48d8d378db9fb04f991", size = 3171198, upload-time = "2026-09-01T16:56:12.235Z" },
    { url = "https://files.pythonhosted.org/packages/0e/4b/997072900cf454027af0f6a6ff6db96e1c76c8efb9bf0b6a7dcaa79c332d/typos-1.50.1-py3-none-win_amd64.whl", hash = "sha256:70849c11ab4627bf8cad451a031458061d5cbd90e122e6f9e6ce9a6a280aa4ca", size = 3347643, upload-time = "2026-09-01T16:56:13.529Z" },
]
